
Microsoft Visual Studio Solution File, Format Version 12.00
# Visual Studio Version 17
VisualStudioVersion = 17.3.32929.385
MinimumVisualStudioVersion = 10.0.40219.1
Project("{FAE04EC0-301F-11D3-BF4B-00C04F79EFBC}") = "ACTIVITY_06", "ACTIVITY_06\ACTIVITY_06.csproj", "{516F030E-8DE1-4ACE-A93B-FE98C82196EF}"
EndProject
Global
	GlobalSection(SolutionConfigurationPlatforms) = preSolution
		Debug|Any CPU = Debug|Any CPU
		Release|Any CPU = Release|Any CPU
	EndGlobalSection
	GlobalSection(ProjectConfigurationPlatforms) = postSolution
		{516F030E-8DE1-4ACE-A93B-FE98C82196EF}.Debug|Any CPU.ActiveCfg = Debug|Any CPU
		{516F030E-8DE1-4ACE-A93B-FE98C82196EF}.Debug|Any CPU.Build.0 = Debug|Any CPU
		{516F030E-8DE1-4ACE-A93B-FE98C82196EF}.Release|Any CPU.ActiveCfg = Release|Any CPU
		{516F030E-8DE1-4ACE-A93B-FE98C82196EF}.Release|Any CPU.Build.0 = Release|Any CPU
	EndGlobalSection
	GlobalSection(SolutionProperties) = preSolution
		HideSolutionNode = FALSE
	EndGlobalSection
	GlobalSection(ExtensibilityGlobals) = postSolution
		SolutionGuid = {FB7F4EEF-9F38-4E18-BD19-B94D70F5A696}
	EndGlobalSection
EndGlobal
